
Microsoft Visual Studio Solution File, Format Version 12.00
Project("{FAE04EC0-301F-11D3-BF4B-00C04F79EFBC}") = "Lustratio.Client", "Lustratio.Client\Lustratio.Client.csproj", "{000A174C-8B26-4702-A55E-EF0B5AA3C3BF}"
EndProject
Global
	GlobalSection(SolutionConfigurationPlatforms) = preSolution
		Debug|Any CPU = Debug|Any CPU
		Release|Any CPU = Release|Any CPU
	EndGlobalSection
	GlobalSection(ProjectConfigurationPlatforms) = postSolution
		{000A174C-8B26-4702-A55E-EF0B5AA3C3BF}.Debug|Any CPU.ActiveCfg = Debug|Any CPU
		{000A174C-8B26-4702-A55E-EF0B5AA3C3BF}.Debug|Any CPU.Build.0 = Debug|Any CPU
		{000A174C-8B26-4702-A55E-EF0B5AA3C3BF}.Release|Any CPU.ActiveCfg = Release|Any CPU
		{000A174C-8B26-4702-A55E-EF0B5AA3C3BF}.Release|Any CPU.Build.0 = Release|Any CPU
	EndGlobalSection
EndGlobal
